
Microsoft Visual Studio Solution File, Format Version 12.00
# Visual Studio 14
VisualStudioVersion = 14.0.24720.0
MinimumVisualStudioVersion = 10.0.40219.1
Project("{FAE04EC0-301F-11D3-BF4B-00C04F79EFBC}") = "WCFServiceBus.Host", "WCFServiceBus.Host.csproj", "{C08FD472-4802-4CE6-AD0E-B77B63CF2277}"
EndProject
Project("{FAE04EC0-301F-11D3-BF4B-00C04F79EFBC}") = "WCFServiceBus.Contracts", "..\WCFServiceBus.Contracts\WCFServiceBus.Contracts.csproj", "{8D616F96-B7B8-4F10-A585-F25397C81FFC}"
EndProject
Project("{FAE04EC0-301F-11D3-BF4B-00C04F79EFBC}") = "WCFServiceBus.Client", "..\WCFServiceBus.Client\WCFServiceBus.Client.csproj", "{56A17A61-19BD-423E-AD47-84290072FDD7}"
EndProject
Project("{FAE04EC0-301F-11D3-BF4B-00C04F79EFBC}") = "WCFServiceBus.Proxies", "..\WCFServiceHost.Proxies\WCFServiceBus.Proxies.csproj", "{F19F0309-865D-4F6F-98DE-B10BED9ED6D6}"
EndProject
Project("{FAE04EC0-301F-11D3-BF4B-00C04F79EFBC}") = "WCFServiceBus.Services", "..\WCFServiceBus.Services\WCFServiceBus.Services.csproj", "{1DAADBAF-021E-40B7-AC67-7A473A5226CA}"
EndProject
Global
	GlobalSection(SolutionConfigurationPlatforms) = preSolution
		Debug|Any CPU = Debug|Any CPU
		Release|Any CPU = Release|Any CPU
	EndGlobalSection
	GlobalSection(ProjectConfigurationPlatforms) = postSolution
		{C08FD472-4802-4CE6-AD0E-B77B63CF2277}.Debug|Any CPU.ActiveCfg = Debug|Any CPU
		{C08FD472-4802-4CE6-AD0E-B77B63CF2277}.Debug|Any CPU.Build.0 = Debug|Any CPU
		{C08FD472-4802-4CE6-AD0E-B77B63CF2277}.Release|Any CPU.ActiveCfg = Release|Any CPU
		{C08FD472-4802-4CE6-AD0E-B77B63CF2277}.Release|Any CPU.Build.0 = Release|Any CPU
		{8D616F96-B7B8-4F10-A585-F25397C81FFC}.Debug|Any CPU.ActiveCfg = Debug|Any CPU
		{8D616F96-B7B8-4F10-A585-F25397C81FFC}.Debug|Any CPU.Build.0 = Debug|Any CPU
		{8D616F96-B7B8-4F10-A585-F25397C81FFC}.Release|Any CPU.ActiveCfg = Release|Any CPU
		{8D616F96-B7B8-4F10-A585-F25397C81FFC}.Release|Any CPU.Build.0 = Release|Any CPU
		{56A17A61-19BD-423E-AD47-84290072FDD7}.Debug|Any CPU.ActiveCfg = Debug|Any CPU
		{56A17A61-19BD-423E-AD47-84290072FDD7}.Debug|Any CPU.Build.0 = Debug|Any CPU
		{56A17A61-19BD-423E-AD47-84290072FDD7}.Release|Any CPU.ActiveCfg = Release|Any CPU
		{56A17A61-19BD-423E-AD47-84290072FDD7}.Release|Any CPU.Build.0 = Release|Any CPU
		{F19F0309-865D-4F6F-98DE-B10BED9ED6D6}.Debug|Any CPU.ActiveCfg = Debug|Any CPU
		{F19F0309-865D-4F6F-98DE-B10BED9ED6D6}.Debug|Any CPU.Build.0 = Debug|Any CPU
		{F19F0309-865D-4F6F-98DE-B10BED9ED6D6}.Release|Any CPU.ActiveCfg = Release|Any CPU
		{F19F0309-865D-4F6F-98DE-B10BED9ED6D6}.Release|Any CPU.Build.0 = Release|Any CPU
		{1DAADBAF-021E-40B7-AC67-7A473A5226CA}.Debug|Any CPU.ActiveCfg = Debug|Any CPU
		{1DAADBAF-021E-40B7-AC67-7A473A5226CA}.Debug|Any CPU.Build.0 = Debug|Any CPU
		{1DAADBAF-021E-40B7-AC67-7A473A5226CA}.Release|Any CPU.ActiveCfg = Release|Any CPU
		{1DAADBAF-021E-40B7-AC67-7A473A5226CA}.Release|Any CPU.Build.0 = Release|Any CPU
	EndGlobalSection
	GlobalSection(SolutionProperties) = preSolution
		HideSolutionNode = FALSE
	EndGlobalSection
EndGlobal
